
Microsoft Visual Studio Solution File, Format Version 12.00
# Visual Studio 14
VisualStudioVersion = 14.0.25420.1
MinimumVisualStudioVersion = 10.0.40219.1
Project("{FAE04EC0-301F-11D3-BF4B-00C04F79EFBC}") = "RestaurantBilling.UI.Droid", "RestaurantBilling.Droid\RestaurantBilling.UI.Droid.csproj", "{E7658B0A-7F48-447B-86A5-E6201E1F13CB}"
EndProject
Project("{2150E333-8FDC-42A3-9474-1A3956D46DE8}") = "RestaurantBilling.UI.UWP", "RestaurantBilling.UI.UWP", "{CA462143-15A5-469A-B6E8-D8B3B75BB335}"
EndProject
Project("{D954291E-2A0B-460D-934E-DC6B0785DB48}") = "RestaurantBilling.UI.UWP.Shared", "RestaurantBilling.UI.UWP\RestaurantBilling.UI.UWP.Shared\RestaurantBilling.UI.UWP.Shared.shproj", "{70C70BBB-51E7-4630-B567-85CD850CD8F7}"
EndProject
Project("{FAE04EC0-301F-11D3-BF4B-00C04F79EFBC}") = "RestaurantBilling.UI.UWP.Windows", "RestaurantBilling.UI.UWP\RestaurantBilling.UI.UWP.Windows\RestaurantBilling.UI.UWP.Windows.csproj", "{61954155-F79C-425D-A41B-9A334BCB40BF}"
EndProject
Project("{FAE04EC0-301F-11D3-BF4B-00C04F79EFBC}") = "CoreLib", "CoreLib\CoreLib.csproj", "{007F3F27-A5B4-497F-BDE3-32D42A7E2794}"
EndProject
Project("{2150E333-8FDC-42A3-9474-1A3956D46DE8}") = "Solution Items", "Solution Items", "{BB4889CA-1392-48CF-B961-300A310D5277}"
	ProjectSection(SolutionItems) = preProject
		Readme.txt = Readme.txt
	EndProjectSection
EndProject
Project("{FAE04EC0-301F-11D3-BF4B-00C04F79EFBC}") = "RestaurantBilling.Localization", "RestaurantBilling.Localization\RestaurantBilling.Localization.csproj", "{BB0D8DCD-D27D-466D-8DFD-9C5666DDAB78}"
EndProject
Global
	GlobalSection(SolutionConfigurationPlatforms) = preSolution
		Ad-Hoc|Any CPU = Ad-Hoc|Any CPU
		Ad-Hoc|ARM = Ad-Hoc|ARM
		Ad-Hoc|iPhone = Ad-Hoc|iPhone
		Ad-Hoc|iPhoneSimulator = Ad-Hoc|iPhoneSimulator
		Ad-Hoc|x64 = Ad-Hoc|x64
		Ad-Hoc|x86 = Ad-Hoc|x86
		AppStore|Any CPU = AppStore|Any CPU
		AppStore|ARM = AppStore|ARM
		AppStore|iPhone = AppStore|iPhone
		AppStore|iPhoneSimulator = AppStore|iPhoneSimulator
		AppStore|x64 = AppStore|x64
		AppStore|x86 = AppStore|x86
		Debug|Any CPU = Debug|Any CPU
		Debug|ARM = Debug|ARM
		Debug|iPhone = Debug|iPhone
		Debug|iPhoneSimulator = Debug|iPhoneSimulator
		Debug|x64 = Debug|x64
		Debug|x86 = Debug|x86
		Release|Any CPU = Release|Any CPU
		Release|ARM = Release|ARM
		Release|iPhone = Release|iPhone
		Release|iPhoneSimulator = Release|iPhoneSimulator
		Release|x64 = Release|x64
		Release|x86 = Release|x86
	EndGlobalSection
	GlobalSection(ProjectConfigurationPlatforms) = postSolution
		{E7658B0A-7F48-447B-86A5-E6201E1F13CB}.Ad-Hoc|Any CPU.ActiveCfg = Release|Any CPU
		{E7658B0A-7F48-447B-86A5-E6201E1F13CB}.Ad-Hoc|Any CPU.Build.0 = Release|Any CPU
		{E7658B0A-7F48-447B-86A5-E6201E1F13CB}.Ad-Hoc|Any CPU.Deploy.0 = Release|Any CPU
		{E7658B0A-7F48-447B-86A5-E6201E1F13CB}.Ad-Hoc|ARM.ActiveCfg = Release|Any CPU
		{E7658B0A-7F48-447B-86A5-E6201E1F13CB}.Ad-Hoc|ARM.Build.0 = Release|Any CPU
		{E7658B0A-7F48-447B-86A5-E6201E1F13CB}.Ad-Hoc|ARM.Deploy.0 = Release|Any CPU
		{E7658B0A-7F48-447B-86A5-E6201E1F13CB}.Ad-Hoc|iPhone.ActiveCfg = Release|Any CPU
		{E7658B0A-7F48-447B-86A5-E6201E1F13CB}.Ad-Hoc|iPhone.Build.0 = Release|Any CPU
		{E7658B0A-7F48-447B-86A5-E6201E1F13CB}.Ad-Hoc|iPhone.Deploy.0 = Release|Any CPU
		{E7658B0A-7F48-447B-86A5-E6201E1F13CB}.Ad-Hoc|iPhoneSimulator.ActiveCfg = Release|Any CPU
		{E7658B0A-7F48-447B-86A5-E6201E1F13CB}.Ad-Hoc|iPhoneSimulator.Build.0 = Release|Any CPU
		{E7658B0A-7F48-447B-86A5-E6201E1F13CB}.Ad-Hoc|iPhoneSimulator.Deploy.0 = Release|Any CPU
		{E7658B0A-7F48-447B-86A5-E6201E1F13CB}.Ad-Hoc|x64.ActiveCfg = Release|Any CPU
		{E7658B0A-7F48-447B-86A5-E6201E1F13CB}.Ad-Hoc|x64.Build.0 = Release|Any CPU
		{E7658B0A-7F48-447B-86A5-E6201E1F13CB}.Ad-Hoc|x64.Deploy.0 = Release|Any CPU
		{E7658B0A-7F48-447B-86A5-E6201E1F13CB}.Ad-Hoc|x86.ActiveCfg = Release|Any CPU
		{E7658B0A-7F48-447B-86A5-E6201E1F13CB}.Ad-Hoc|x86.Build.0 = Release|Any CPU
		{E7658B0A-7F48-447B-86A5-E6201E1F13CB}.Ad-Hoc|x86.Deploy.0 = Release|Any CPU
		{E7658B0A-7F48-447B-86A5-E6201E1F13CB}.AppStore|Any CPU.ActiveCfg = Release|Any CPU
		{E7658B0A-7F48-447B-86A5-E6201E1F13CB}.AppStore|Any CPU.Build.0 = Release|Any CPU
		{E7658B0A-7F48-447B-86A5-E6201E1F13CB}.AppStore|Any CPU.Deploy.0 = Release|Any CPU
		{E7658B0A-7F48-447B-86A5-E6201E1F13CB}.AppStore|ARM.ActiveCfg = Release|Any CPU
		{E7658B0A-7F48-447B-86A5-E6201E1F13CB}.AppStore|ARM.Build.0 = Release|Any CPU
		{E7658B0A-7F48-447B-86A5-E6201E1F13CB}.AppStore|ARM.Deploy.0 = Release|Any CPU
		{E7658B0A-7F48-447B-86A5-E6201E1F13CB}.AppStore|iPhone.ActiveCfg = Release|Any CPU
		{E7658B0A-7F48-447B-86A5-E6201E1F13CB}.AppStore|iPhone.Build.0 = Release|Any CPU
		{E7658B0A-7F48-447B-86A5-E6201E1F13CB}.AppStore|iPhone.Deploy.0 = Release|Any CPU
		{E7658B0A-7F48-447B-86A5-E6201E1F13CB}.AppStore|iPhoneSimulator.ActiveCfg = Release|Any CPU
		{E7658B0A-7F48-447B-86A5-E6201E1F13CB}.AppStore|iPhoneSimulator.Build.0 = Release|Any CPU
		{E7658B0A-7F48-447B-86A5-E6201E1F13CB}.AppStore|iPhoneSimulator.Deploy.0 = Release|Any CPU
		{E7658B0A-7F48-447B-86A5-E6201E1F13CB}.AppStore|x64.ActiveCfg = Release|Any CPU
		{E7658B0A-7F48-447B-86A5-E6201E1F13CB}.AppStore|x64.Build.0 = Release|Any CPU
		{E7658B0A-7F48-447B-86A5-E6201E1F13CB}.AppStore|x64.Deploy.0 = Release|Any CPU
		{E7658B0A-7F48-447B-86A5-E6201E1F13CB}.AppStore|x86.ActiveCfg = Release|Any CPU
		{E7658B0A-7F48-447B-86A5-E6201E1F13CB}.AppStore|x86.Build.0 = Release|Any CPU
		{E7658B0A-7F48-447B-86A5-E6201E1F13CB}.AppStore|x86.Deploy.0 = Release|Any CPU
		{E7658B0A-7F48-447B-86A5-E6201E1F13CB}.Debug|Any CPU.ActiveCfg = Debug|Any CPU
		{E7658B0A-7F48-447B-86A5-E6201E1F13CB}.Debug|Any CPU.Build.0 = Debug|Any CPU
		{E7658B0A-7F48-447B-86A5-E6201E1F13CB}.Debug|Any CPU.Deploy.0 = Debug|Any CPU
		{E7658B0A-7F48-447B-86A5-E6201E1F13CB}.Debug|ARM.ActiveCfg = Debug|Any CPU
		{E7658B0A-7F48-447B-86A5-E6201E1F13CB}.Debug|ARM.Build.0 = Debug|Any CPU
		{E7658B0A-7F48-447B-86A5-E6201E1F13CB}.Debug|ARM.Deploy.0 = Debug|Any CPU
		{E7658B0A-7F48-447B-86A5-E6201E1F13CB}.Debug|iPhone.ActiveCfg = Debug|Any CPU
		{E7658B0A-7F48-447B-86A5-E6201E1F13CB}.Debug|iPhone.Build.0 = Debug|Any CPU
		{E7658B0A-7F48-447B-86A5-E6201E1F13CB}.Debug|iPhone.Deploy.0 = Debug|Any CPU
		{E7658B0A-7F48-447B-86A5-E6201E1F13CB}.Debug|iPhoneSimulator.ActiveCfg = Debug|Any CPU
		{E7658B0A-7F48-447B-86A5-E6201E1F13CB}.Debug|iPhoneSimulator.Build.0 = Debug|Any CPU
		{E7658B0A-7F48-447B-86A5-E6201E1F13CB}.Debug|iPhoneSimulator.Deploy.0 = Debug|Any CPU
		{E7658B0A-7F48-447B-86A5-E6201E1F13CB}.Debug|x64.ActiveCfg = Debug|Any CPU
		{E7658B0A-7F48-447B-86A5-E6201E1F13CB}.Debug|x64.Build.0 = Debug|Any CPU
		{E7658B0A-7F48-447B-86A5-E6201E1F13CB}.Debug|x64.Deploy.0 = Debug|Any CPU
		{E7658B0A-7F48-447B-86A5-E6201E1F13CB}.Debug|x86.ActiveCfg = Debug|Any CPU
		{E7658B0A-7F48-447B-86A5-E6201E1F13CB}.Debug|x86.Build.0 = Debug|Any CPU
		{E7658B0A-7F48-447B-86A5-E6201E1F13CB}.Debug|x86.Deploy.0 = Debug|Any CPU
		{E7658B0A-7F48-447B-86A5-E6201E1F13CB}.Release|Any CPU.ActiveCfg = Release|Any CPU
		{E7658B0A-7F48-447B-86A5-E6201E1F13CB}.Release|Any CPU.Build.0 = Release|Any CPU
		{E7658B0A-7F48-447B-86A5-E6201E1F13CB}.Release|Any CPU.Deploy.0 = Release|Any CPU
		{E7658B0A-7F48-447B-86A5-E6201E1F13CB}.Release|ARM.ActiveCfg = Release|Any CPU
		{E7658B0A-7F48-447B-86A5-E6201E1F13CB}.Release|ARM.Build.0 = Release|Any CPU
		{E7658B0A-7F48-447B-86A5-E6201E1F13CB}.Release|ARM.Deploy.0 = Release|Any CPU
		{E7658B0A-7F48-447B-86A5-E6201E1F13CB}.Release|iPhone.ActiveCfg = Release|Any CPU
		{E7658B0A-7F48-447B-86A5-E6201E1F13CB}.Release|iPhone.Build.0 = Release|Any CPU
		{E7658B0A-7F48-447B-86A5-E6201E1F13CB}.Release|iPhone.Deploy.0 = Release|Any CPU
		{E7658B0A-7F48-447B-86A5-E6201E1F13CB}.Release|iPhoneSimulator.ActiveCfg = Release|Any CPU
		{E7658B0A-7F48-447B-86A5-E6201E1F13CB}.Release|iPhoneSimulator.Build.0 = Release|Any CPU
		{E7658B0A-7F48-447B-86A5-E6201E1F13CB}.Release|iPhoneSimulator.Deploy.0 = Release|Any CPU
		{E7658B0A-7F48-447B-86A5-E6201E1F13CB}.Release|x64.ActiveCfg = Release|Any CPU
		{E7658B0A-7F48-447B-86A5-E6201E1F13CB}.Release|x64.Build.0 = Release|Any CPU
		{E7658B0A-7F48-447B-86A5-E6201E1F13CB}.Release|x64.Deploy.0 = Release|Any CPU
		{E7658B0A-7F48-447B-86A5-E6201E1F13CB}.Release|x86.ActiveCfg = Release|Any CPU
		{E7658B0A-7F48-447B-86A5-E6201E1F13CB}.Release|x86.Build.0 = Release|Any CPU
		{E7658B0A-7F48-447B-86A5-E6201E1F13CB}.Release|x86.Deploy.0 = Release|Any CPU
		{61954155-F79C-425D-A41B-9A334BCB40BF}.Ad-Hoc|Any CPU.ActiveCfg = Release|Any CPU
		{61954155-F79C-425D-A41B-9A334BCB40BF}.Ad-Hoc|Any CPU.Build.0 = Release|Any CPU
		{61954155-F79C-425D-A41B-9A334BCB40BF}.Ad-Hoc|Any CPU.Deploy.0 = Release|Any CPU
		{61954155-F79C-425D-A41B-9A334BCB40BF}.Ad-Hoc|ARM.ActiveCfg = Release|ARM
		{61954155-F79C-425D-A41B-9A334BCB40BF}.Ad-Hoc|ARM.Build.0 = Release|ARM
		{61954155-F79C-425D-A41B-9A334BCB40BF}.Ad-Hoc|ARM.Deploy.0 = Release|ARM
		{61954155-F79C-425D-A41B-9A334BCB40BF}.Ad-Hoc|iPhone.ActiveCfg = Release|Any CPU
		{61954155-F79C-425D-A41B-9A334BCB40BF}.Ad-Hoc|iPhone.Build.0 = Release|Any CPU
		{61954155-F79C-425D-A41B-9A334BCB40BF}.Ad-Hoc|iPhone.Deploy.0 = Release|Any CPU
		{61954155-F79C-425D-A41B-9A334BCB40BF}.Ad-Hoc|iPhoneSimulator.ActiveCfg = Release|Any CPU
		{61954155-F79C-425D-A41B-9A334BCB40BF}.Ad-Hoc|iPhoneSimulator.Build.0 = Release|Any CPU
		{61954155-F79C-425D-A41B-9A334BCB40BF}.Ad-Hoc|iPhoneSimulator.Deploy.0 = Release|Any CPU
		{61954155-F79C-425D-A41B-9A334BCB40BF}.Ad-Hoc|x64.ActiveCfg = Release|x64
		{61954155-F79C-425D-A41B-9A334BCB40BF}.Ad-Hoc|x64.Build.0 = Release|x64
		{61954155-F79C-425D-A41B-9A334BCB40BF}.Ad-Hoc|x64.Deploy.0 = Release|x64
		{61954155-F79C-425D-A41B-9A334BCB40BF}.Ad-Hoc|x86.ActiveCfg = Release|x86
		{61954155-F79C-425D-A41B-9A334BCB40BF}.Ad-Hoc|x86.Build.0 = Release|x86
		{61954155-F79C-425D-A41B-9A334BCB40BF}.Ad-Hoc|x86.Deploy.0 = Release|x86
		{61954155-F79C-425D-A41B-9A334BCB40BF}.AppStore|Any CPU.ActiveCfg = Release|Any CPU
		{61954155-F79C-425D-A41B-9A334BCB40BF}.AppStore|Any CPU.Build.0 = Release|Any CPU
		{61954155-F79C-425D-A41B-9A334BCB40BF}.AppStore|Any CPU.Deploy.0 = Release|Any CPU
		{61954155-F79C-425D-A41B-9A334BCB40BF}.AppStore|ARM.ActiveCfg = Release|ARM
		{61954155-F79C-425D-A41B-9A334BCB40BF}.AppStore|ARM.Build.0 = Release|ARM
		{61954155-F79C-425D-A41B-9A334BCB40BF}.AppStore|ARM.Deploy.0 = Release|ARM
		{61954155-F79C-425D-A41B-9A334BCB40BF}.AppStore|iPhone.ActiveCfg = Release|Any CPU
		{61954155-F79C-425D-A41B-9A334BCB40BF}.AppStore|iPhone.Build.0 = Release|Any CPU
		{61954155-F79C-425D-A41B-9A334BCB40BF}.AppStore|iPhone.Deploy.0 = Release|Any CPU
		{61954155-F79C-425D-A41B-9A334BCB40BF}.AppStore|iPhoneSimulator.ActiveCfg = Release|Any CPU
		{61954155-F79C-425D-A41B-9A334BCB40BF}.AppStore|iPhoneSimulator.Build.0 = Release|Any CPU
		{61954155-F79C-425D-A41B-9A334BCB40BF}.AppStore|iPhoneSimulator.Deploy.0 = Release|Any CPU
		{61954155-F79C-425D-A41B-9A334BCB40BF}.AppStore|x64.ActiveCfg = Release|x64
		{61954155-F79C-425D-A41B-9A334BCB40BF}.AppStore|x64.Build.0 = Release|x64
		{61954155-F79C-425D-A41B-9A334BCB40BF}.AppStore|x64.Deploy.0 = Release|x64
		{61954155-F79C-425D-A41B-9A334BCB40BF}.AppStore|x86.ActiveCfg = Release|x86
		{61954155-F79C-425D-A41B-9A334BCB40BF}.AppStore|x86.Build.0 = Release|x86
		{61954155-F79C-425D-A41B-9A334BCB40BF}.AppStore|x86.Deploy.0 = Release|x86
		{61954155-F79C-425D-A41B-9A334BCB40BF}.Debug|Any CPU.ActiveCfg = Debug|Any CPU
		{61954155-F79C-425D-A41B-9A334BCB40BF}.Debug|Any CPU.Build.0 = Debug|Any CPU
		{61954155-F79C-425D-A41B-9A334BCB40BF}.Debug|Any CPU.Deploy.0 = Debug|Any CPU
		{61954155-F79C-425D-A41B-9A334BCB40BF}.Debug|ARM.ActiveCfg = Debug|ARM
		{61954155-F79C-425D-A41B-9A334BCB40BF}.Debug|ARM.Build.0 = Debug|ARM
		{61954155-F79C-425D-A41B-9A334BCB40BF}.Debug|ARM.Deploy.0 = Debug|ARM
		{61954155-F79C-425D-A41B-9A334BCB40BF}.Debug|iPhone.ActiveCfg = Debug|Any CPU
		{61954155-F79C-425D-A41B-9A334BCB40BF}.Debug|iPhone.Build.0 = Debug|Any CPU
		{61954155-F79C-425D-A41B-9A334BCB40BF}.Debug|iPhone.Deploy.0 = Debug|Any CPU
		{61954155-F79C-425D-A41B-9A334BCB40BF}.Debug|iPhoneSimulator.ActiveCfg = Debug|Any CPU
		{61954155-F79C-425D-A41B-9A334BCB40BF}.Debug|iPhoneSimulator.Build.0 = Debug|Any CPU
		{61954155-F79C-425D-A41B-9A334BCB40BF}.Debug|iPhoneSimulator.Deploy.0 = Debug|Any CPU
		{61954155-F79C-425D-A41B-9A334BCB40BF}.Debug|x64.ActiveCfg = Debug|x64
		{61954155-F79C-425D-A41B-9A334BCB40BF}.Debug|x64.Build.0 = Debug|x64
		{61954155-F79C-425D-A41B-9A334BCB40BF}.Debug|x64.Deploy.0 = Debug|x64
		{61954155-F79C-425D-A41B-9A334BCB40BF}.Debug|x86.ActiveCfg = Debug|x86
		{61954155-F79C-425D-A41B-9A334BCB40BF}.Debug|x86.Build.0 = Debug|x86
		{61954155-F79C-425D-A41B-9A334BCB40BF}.Debug|x86.Deploy.0 = Debug|x86
		{61954155-F79C-425D-A41B-9A334BCB40BF}.Release|Any CPU.ActiveCfg = Release|Any CPU
		{61954155-F79C-425D-A41B-9A334BCB40BF}.Release|Any CPU.Build.0 = Release|Any CPU
		{61954155-F79C-425D-A41B-9A334BCB40BF}.Release|Any CPU.Deploy.0 = Release|Any CPU
		{61954155-F79C-425D-A41B-9A334BCB40BF}.Release|ARM.ActiveCfg = Release|ARM
		{61954155-F79C-425D-A41B-9A334BCB40BF}.Release|ARM.Build.0 = Release|ARM
		{61954155-F79C-425D-A41B-9A334BCB40BF}.Release|ARM.Deploy.0 = Release|ARM
		{61954155-F79C-425D-A41B-9A334BCB40BF}.Release|iPhone.ActiveCfg = Release|Any CPU
		{61954155-F79C-425D-A41B-9A334BCB40BF}.Release|iPhone.Build.0 = Release|Any CPU
		{61954155-F79C-425D-A41B-9A334BCB40BF}.Release|iPhone.Deploy.0 = Release|Any CPU
		{61954155-F79C-425D-A41B-9A334BCB40BF}.Release|iPhoneSimulator.ActiveCfg = Release|Any CPU
		{61954155-F79C-425D-A41B-9A334BCB40BF}.Release|iPhoneSimulator.Build.0 = Release|Any CPU
		{61954155-F79C-425D-A41B-9A334BCB40BF}.Release|iPhoneSimulator.Deploy.0 = Release|Any CPU
		{61954155-F79C-425D-A41B-9A334BCB40BF}.Release|x64.ActiveCfg = Release|x64
		{61954155-F79C-425D-A41B-9A334BCB40BF}.Release|x64.Build.0 = Release|x64
		{61954155-F79C-425D-A41B-9A334BCB40BF}.Release|x64.Deploy.0 = Release|x64
		{61954155-F79C-425D-A41B-9A334BCB40BF}.Release|x86.ActiveCfg = Release|x86
		{61954155-F79C-425D-A41B-9A334BCB40BF}.Release|x86.Build.0 = Release|x86
		{61954155-F79C-425D-A41B-9A334BCB40BF}.Release|x86.Deploy.0 = Release|x86
		{007F3F27-A5B4-497F-BDE3-32D42A7E2794}.Ad-Hoc|Any CPU.ActiveCfg = Release|Any CPU
		{007F3F27-A5B4-497F-BDE3-32D42A7E2794}.Ad-Hoc|Any CPU.Build.0 = Release|Any CPU
		{007F3F27-A5B4-497F-BDE3-32D42A7E2794}.Ad-Hoc|ARM.ActiveCfg = Release|Any CPU
		{007F3F27-A5B4-497F-BDE3-32D42A7E2794}.Ad-Hoc|ARM.Build.0 = Release|Any CPU
		{007F3F27-A5B4-497F-BDE3-32D42A7E2794}.Ad-Hoc|iPhone.ActiveCfg = Release|Any CPU
		{007F3F27-A5B4-497F-BDE3-32D42A7E2794}.Ad-Hoc|iPhone.Build.0 = Release|Any CPU
		{007F3F27-A5B4-497F-BDE3-32D42A7E2794}.Ad-Hoc|iPhoneSimulator.ActiveCfg = Release|Any CPU
		{007F3F27-A5B4-497F-BDE3-32D42A7E2794}.Ad-Hoc|iPhoneSimulator.Build.0 = Release|Any CPU
		{007F3F27-A5B4-497F-BDE3-32D42A7E2794}.Ad-Hoc|x64.ActiveCfg = Release|Any CPU
		{007F3F27-A5B4-497F-BDE3-32D42A7E2794}.Ad-Hoc|x64.Build.0 = Release|Any CPU
		{007F3F27-A5B4-497F-BDE3-32D42A7E2794}.Ad-Hoc|x86.ActiveCfg = Release|Any CPU
		{007F3F27-A5B4-497F-BDE3-32D42A7E2794}.Ad-Hoc|x86.Build.0 = Release|Any CPU
		{007F3F27-A5B4-497F-BDE3-32D42A7E2794}.AppStore|Any CPU.ActiveCfg = Release|Any CPU
		{007F3F27-A5B4-497F-BDE3-32D42A7E2794}.AppStore|Any CPU.Build.0 = Release|Any CPU
		{007F3F27-A5B4-497F-BDE3-32D42A7E2794}.AppStore|ARM.ActiveCfg = Release|Any CPU
		{007F3F27-A5B4-497F-BDE3-32D42A7E2794}.AppStore|ARM.Build.0 = Release|Any CPU
		{007F3F27-A5B4-497F-BDE3-32D42A7E2794}.AppStore|iPhone.ActiveCfg = Release|Any CPU
		{007F3F27-A5B4-497F-BDE3-32D42A7E2794}.AppStore|iPhone.Build.0 = Release|Any CPU
		{007F3F27-A5B4-497F-BDE3-32D42A7E2794}.AppStore|iPhoneSimulator.ActiveCfg = Release|Any CPU
		{007F3F27-A5B4-497F-BDE3-32D42A7E2794}.AppStore|iPhoneSimulator.Build.0 = Release|Any CPU
		{007F3F27-A5B4-497F-BDE3-32D42A7E2794}.AppStore|x64.ActiveCfg = Release|Any CPU
		{007F3F27-A5B4-497F-BDE3-32D42A7E2794}.AppStore|x64.Build.0 = Release|Any CPU
		{007F3F27-A5B4-497F-BDE3-32D42A7E2794}.AppStore|x86.ActiveCfg = Release|Any CPU
		{007F3F27-A5B4-497F-BDE3-32D42A7E2794}.AppStore|x86.Build.0 = Release|Any CPU
		{007F3F27-A5B4-497F-BDE3-32D42A7E2794}.Debug|Any CPU.ActiveCfg = Debug|Any CPU
		{007F3F27-A5B4-497F-BDE3-32D42A7E2794}.Debug|Any CPU.Build.0 = Debug|Any CPU
		{007F3F27-A5B4-497F-BDE3-32D42A7E2794}.Debug|ARM.ActiveCfg = Debug|Any CPU
		{007F3F27-A5B4-497F-BDE3-32D42A7E2794}.Debug|ARM.Build.0 = Debug|Any CPU
		{007F3F27-A5B4-497F-BDE3-32D42A7E2794}.Debug|iPhone.ActiveCfg = Debug|Any CPU
		{007F3F27-A5B4-497F-BDE3-32D42A7E2794}.Debug|iPhone.Build.0 = Debug|Any CPU
		{007F3F27-A5B4-497F-BDE3-32D42A7E2794}.Debug|iPhoneSimulator.ActiveCfg = Debug|Any CPU
		{007F3F27-A5B4-497F-BDE3-32D42A7E2794}.Debug|iPhoneSimulator.Build.0 = Debug|Any CPU
		{007F3F27-A5B4-497F-BDE3-32D42A7E2794}.Debug|x64.ActiveCfg = Debug|Any CPU
		{007F3F27-A5B4-497F-BDE3-32D42A7E2794}.Debug|x64.Build.0 = Debug|Any CPU
		{007F3F27-A5B4-497F-BDE3-32D42A7E2794}.Debug|x86.ActiveCfg = Debug|Any CPU
		{007F3F27-A5B4-497F-BDE3-32D42A7E2794}.Debug|x86.Build.0 = Debug|Any CPU
		{007F3F27-A5B4-497F-BDE3-32D42A7E2794}.Release|Any CPU.ActiveCfg = Release|Any CPU
		{007F3F27-A5B4-497F-BDE3-32D42A7E2794}.Release|Any CPU.Build.0 = Release|Any CPU
		{007F3F27-A5B4-497F-BDE3-32D42A7E2794}.Release|ARM.ActiveCfg = Release|Any CPU
		{007F3F27-A5B4-497F-BDE3-32D42A7E2794}.Release|ARM.Build.0 = Release|Any CPU
		{007F3F27-A5B4-497F-BDE3-32D42A7E2794}.Release|iPhone.ActiveCfg = Release|Any CPU
		{007F3F27-A5B4-497F-BDE3-32D42A7E2794}.Release|iPhone.Build.0 = Release|Any CPU
		{007F3F27-A5B4-497F-BDE3-32D42A7E2794}.Release|iPhoneSimulator.ActiveCfg = Release|Any CPU
		{007F3F27-A5B4-497F-BDE3-32D42A7E2794}.Release|iPhoneSimulator.Build.0 = Release|Any CPU
		{007F3F27-A5B4-497F-BDE3-32D42A7E2794}.Release|x64.ActiveCfg = Release|Any CPU
		{007F3F27-A5B4-497F-BDE3-32D42A7E2794}.Release|x64.Build.0 = Release|Any CPU
		{007F3F27-A5B4-497F-BDE3-32D42A7E2794}.Release|x86.ActiveCfg = Release|Any CPU
		{007F3F27-A5B4-497F-BDE3-32D42A7E2794}.Release|x86.Build.0 = Release|Any CPU
		{BB0D8DCD-D27D-466D-8DFD-9C5666DDAB78}.Ad-Hoc|Any CPU.ActiveCfg = Release|Any CPU
		{BB0D8DCD-D27D-466D-8DFD-9C5666DDAB78}.Ad-Hoc|Any CPU.Build.0 = Release|Any CPU
		{BB0D8DCD-D27D-466D-8DFD-9C5666DDAB78}.Ad-Hoc|ARM.ActiveCfg = Release|Any CPU
		{BB0D8DCD-D27D-466D-8DFD-9C5666DDAB78}.Ad-Hoc|ARM.Build.0 = Release|Any CPU
		{BB0D8DCD-D27D-466D-8DFD-9C5666DDAB78}.Ad-Hoc|iPhone.ActiveCfg = Release|Any CPU
		{BB0D8DCD-D27D-466D-8DFD-9C5666DDAB78}.Ad-Hoc|iPhone.Build.0 = Release|Any CPU
		{BB0D8DCD-D27D-466D-8DFD-9C5666DDAB78}.Ad-Hoc|iPhoneSimulator.ActiveCfg = Release|Any CPU
		{BB0D8DCD-D27D-466D-8DFD-9C5666DDAB78}.Ad-Hoc|iPhoneSimulator.Build.0 = Release|Any CPU
		{BB0D8DCD-D27D-466D-8DFD-9C5666DDAB78}.Ad-Hoc|x64.ActiveCfg = Release|Any CPU
		{BB0D8DCD-D27D-466D-8DFD-9C5666DDAB78}.Ad-Hoc|x64.Build.0 = Release|Any CPU
		{BB0D8DCD-D27D-466D-8DFD-9C5666DDAB78}.Ad-Hoc|x86.ActiveCfg = Release|Any CPU
		{BB0D8DCD-D27D-466D-8DFD-9C5666DDAB78}.Ad-Hoc|x86.Build.0 = Release|Any CPU
		{BB0D8DCD-D27D-466D-8DFD-9C5666DDAB78}.AppStore|Any CPU.ActiveCfg = Release|Any CPU
		{BB0D8DCD-D27D-466D-8DFD-9C5666DDAB78}.AppStore|Any CPU.Build.0 = Release|Any CPU
		{BB0D8DCD-D27D-466D-8DFD-9C5666DDAB78}.AppStore|ARM.ActiveCfg = Release|Any CPU
		{BB0D8DCD-D27D-466D-8DFD-9C5666DDAB78}.AppStore|ARM.Build.0 = Release|Any CPU
		{BB0D8DCD-D27D-466D-8DFD-9C5666DDAB78}.AppStore|iPhone.ActiveCfg = Release|Any CPU
		{BB0D8DCD-D27D-466D-8DFD-9C5666DDAB78}.AppStore|iPhone.Build.0 = Release|Any CPU
		{BB0D8DCD-D27D-466D-8DFD-9C5666DDAB78}.AppStore|iPhoneSimulator.ActiveCfg = Release|Any CPU
		{BB0D8DCD-D27D-466D-8DFD-9C5666DDAB78}.AppStore|iPhoneSimulator.Build.0 = Release|Any CPU
		{BB0D8DCD-D27D-466D-8DFD-9C5666DDAB78}.AppStore|x64.ActiveCfg = Release|Any CPU
		{BB0D8DCD-D27D-466D-8DFD-9C5666DDAB78}.AppStore|x64.Build.0 = Release|Any CPU
		{BB0D8DCD-D27D-466D-8DFD-9C5666DDAB78}.AppStore|x86.ActiveCfg = Release|Any CPU
		{BB0D8DCD-D27D-466D-8DFD-9C5666DDAB78}.AppStore|x86.Build.0 = Release|Any CPU
		{BB0D8DCD-D27D-466D-8DFD-9C5666DDAB78}.Debug|Any CPU.ActiveCfg = Debug|Any CPU
		{BB0D8DCD-D27D-466D-8DFD-9C5666DDAB78}.Debug|Any CPU.Build.0 = Debug|Any CPU
		{BB0D8DCD-D27D-466D-8DFD-9C5666DDAB78}.Debug|ARM.ActiveCfg = Debug|Any CPU
		{BB0D8DCD-D27D-466D-8DFD-9C5666DDAB78}.Debug|ARM.Build.0 = Debug|Any CPU
		{BB0D8DCD-D27D-466D-8DFD-9C5666DDAB78}.Debug|iPhone.ActiveCfg = Debug|Any CPU
		{BB0D8DCD-D27D-466D-8DFD-9C5666DDAB78}.Debug|iPhone.Build.0 = Debug|Any CPU
		{BB0D8DCD-D27D-466D-8DFD-9C5666DDAB78}.Debug|iPhoneSimulator.ActiveCfg = Debug|Any CPU
		{BB0D8DCD-D27D-466D-8DFD-9C5666DDAB78}.Debug|iPhoneSimulator.Build.0 = Debug|Any CPU
		{BB0D8DCD-D27D-466D-8DFD-9C5666DDAB78}.Debug|x64.ActiveCfg = Debug|Any CPU
		{BB0D8DCD-D27D-466D-8DFD-9C5666DDAB78}.Debug|x64.Build.0 = Debug|Any CPU
		{BB0D8DCD-D27D-466D-8DFD-9C5666DDAB78}.Debug|x86.ActiveCfg = Debug|Any CPU
		{BB0D8DCD-D27D-466D-8DFD-9C5666DDAB78}.Debug|x86.Build.0 = Debug|Any CPU
		{BB0D8DCD-D27D-466D-8DFD-9C5666DDAB78}.Release|Any CPU.ActiveCfg = Release|Any CPU
		{BB0D8DCD-D27D-466D-8DFD-9C5666DDAB78}.Release|Any CPU.Build.0 = Release|Any CPU
		{BB0D8DCD-D27D-466D-8DFD-9C5666DDAB78}.Release|ARM.ActiveCfg = Release|Any CPU
		{BB0D8DCD-D27D-466D-8DFD-9C5666DDAB78}.Release|ARM.Build.0 = Release|Any CPU
		{BB0D8DCD-D27D-466D-8DFD-9C5666DDAB78}.Release|iPhone.ActiveCfg = Release|Any CPU
		{BB0D8DCD-D27D-466D-8DFD-9C5666DDAB78}.Release|iPhone.Build.0 = Release|Any CPU
		{BB0D8DCD-D27D-466D-8DFD-9C5666DDAB78}.Release|iPhoneSimulator.ActiveCfg = Release|Any CPU
		{BB0D8DCD-D27D-466D-8DFD-9C5666DDAB78}.Release|iPhoneSimulator.Build.0 = Release|Any CPU
		{BB0D8DCD-D27D-466D-8DFD-9C5666DDAB78}.Release|x64.ActiveCfg = Release|Any CPU
		{BB0D8DCD-D27D-466D-8DFD-9C5666DDAB78}.Release|x64.Build.0 = Release|Any CPU
		{BB0D8DCD-D27D-466D-8DFD-9C5666DDAB78}.Release|x86.ActiveCfg = Release|Any CPU
		{BB0D8DCD-D27D-466D-8DFD-9C5666DDAB78}.Release|x86.Build.0 = Release|Any CPU
	EndGlobalSection
	GlobalSection(SolutionProperties) = preSolution
		HideSolutionNode = FALSE
	EndGlobalSection
	GlobalSection(NestedProjects) = preSolution
		{70C70BBB-51E7-4630-B567-85CD850CD8F7} = {CA462143-15A5-469A-B6E8-D8B3B75BB335}
		{61954155-F79C-425D-A41B-9A334BCB40BF} = {CA462143-15A5-469A-B6E8-D8B3B75BB335}
	EndGlobalSection
EndGlobal
